{
  "name": "jsconv",
  "version": "1.1.0",
  "lockfileVersion": 2,
  "requires": true,
  "packages": {
    "": {
      "name": "jsconv",
      "version": "1.1.0",
      "license": "MIT",
      "dependencies": {
        "jsconv": "^1.1.0"
      }
    },
    "node_modules/jsconv": {
      "version": "1.1.0",
      "resolved": "https://registry.npmjs.org/jsconv/-/jsconv-1.1.0.tgz",
      "integrity": "sha512-Z2PTcSDS+F+ceHsl291JWyms3OVRypQGgv8FEQoCPypV6bVd2aVnu2WKI35ne1S2zthmNkUNBBaLmLTP9hmuIQ=="
    }
  },
  "dependencies": {
    "jsconv": {
      "version": "1.1.0",
      "resolved": "https://registry.npmjs.org/jsconv/-/jsconv-1.1.0.tgz",
      "integrity": "sha512-Z2PTcSDS+F+ceHsl291JWyms3OVRypQGgv8FEQoCPypV6bVd2aVnu2WKI35ne1S2zthmNkUNBBaLmLTP9hmuIQ=="
    }
  }
}
